
Microsoft Visual Studio Solution File, Format Version 12.00
# Visual Studio Version 17
VisualStudioVersion = 17.6.33815.320
MinimumVisualStudioVersion = 10.0.40219.1
Project("{FAE04EC0-301F-11D3-BF4B-00C04F79EFBC}") = "LINQ_ActivityProject", "LINQ_ActivityProject\LINQ_ActivityProject.csproj", "{D6EE6236-5D59-40C4-BBC0-70DFA9A9343D}"
EndProject
Global
	GlobalSection(SolutionConfigurationPlatforms) = preSolution
		Debug|Any CPU = Debug|Any CPU
		Release|Any CPU = Release|Any CPU
	EndGlobalSection
	GlobalSection(ProjectConfigurationPlatforms) = postSolution
		{D6EE6236-5D59-40C4-BBC0-70DFA9A9343D}.Debug|Any CPU.ActiveCfg = Debug|Any CPU
		{D6EE6236-5D59-40C4-BBC0-70DFA9A9343D}.Debug|Any CPU.Build.0 = Debug|Any CPU
		{D6EE6236-5D59-40C4-BBC0-70DFA9A9343D}.Release|Any CPU.ActiveCfg = Release|Any CPU
		{D6EE6236-5D59-40C4-BBC0-70DFA9A9343D}.Release|Any CPU.Build.0 = Release|Any CPU
	EndGlobalSection
	GlobalSection(SolutionProperties) = preSolution
		HideSolutionNode = FALSE
	EndGlobalSection
	GlobalSection(ExtensibilityGlobals) = postSolution
		SolutionGuid = {24568820-0B11-4179-B837-2E4BA5259E21}
	EndGlobalSection
EndGlobal
